// !$*UTF8*$!
{
	archiveVersion = 1;
	classes = {
	};
	objectVersion = 56;
	objects = {

/* Begin PBXBuildFile section */
		52140BC729ED231E00B6EFD3 /* Welcome_ViewController.swift in Sources */ = {isa = PBXBuildFile; fileRef = 52140BC629ED231E00B6EFD3 /* Welcome_ViewController.swift */; };
		52140BCA29ED2BD200B6EFD3 /* Category_ViewController.swift in Sources */ = {isa = PBXBuildFile; fileRef = 52140BC929ED2BD200B6EFD3 /* Category_ViewController.swift */; };
		52140BCD29ED2C2D00B6EFD3 /* YourList_ViewController.swift in Sources */ = {isa = PBXBuildFile; fileRef = 52140BCC29ED2C2D00B6EFD3 /* YourList_ViewController.swift */; };
		52140BD029ED2C7500B6EFD3 /* Dashboard_ViewController.swift in Sources */ = {isa = PBXBuildFile; fileRef = 52140BCF29ED2C7500B6EFD3 /* Dashboard_ViewController.swift */; };
		528D9A8B29CAB9CC000B39C2 /* AppDelegate.swift in Sources */ = {isa = PBXBuildFile; fileRef = 528D9A8A29CAB9CC000B39C2 /* AppDelegate.swift */; };
		528D9A8D29CAB9CC000B39C2 /* SceneDelegate.swift in Sources */ = {isa = PBXBuildFile; fileRef = 528D9A8C29CAB9CC000B39C2 /* SceneDelegate.swift */; };
		528D9A8F29CAB9CC000B39C2 /* ViewController.swift in Sources */ = {isa = PBXBuildFile; fileRef = 528D9A8E29CAB9CC000B39C2 /* ViewController.swift */; };
		528D9A9229CAB9CC000B39C2 /* Main.storyboard in Resources */ = {isa = PBXBuildFile; fileRef = 528D9A9029CAB9CC000B39C2 /* Main.storyboard */; };
		528D9A9429CAB9D0000B39C2 /* Assets.xcassets in Resources */ = {isa = PBXBuildFile; fileRef = 528D9A9329CAB9D0000B39C2 /* Assets.xcassets */; };
		528D9A9729CAB9D0000B39C2 /* LaunchScreen.storyboard in Resources */ = {isa = PBXBuildFile; fileRef = 528D9A9529CAB9D0000B39C2 /* LaunchScreen.storyboard */; };
		528D9AA129CADDE9000B39C2 /* Register_ViewController.swift in Sources */ = {isa = PBXBuildFile; fileRef = 528D9AA029CADDE9000B39C2 /* Register_ViewController.swift */; };
		52E8A82B29DFCA4200D8D8C6 /* Config.swift in Sources */ = {isa = PBXBuildFile; fileRef = 52E8A82A29DFCA4200D8D8C6 /* Config.swift */; };
/* End PBXBuildFile section */

/* Begin PBXFileReference section */
		52140BC629ED231E00B6EFD3 /* Welcome_ViewController.swift */ = {isa = PBXFileReference; lastKnownFileType = sourcecode.swift; path = Welcome_ViewController.swift; sourceTree = "<group>"; };
		52140BC929ED2BD200B6EFD3 /* Category_ViewController.swift */ = {isa = PBXFileReference; lastKnownFileType = sourcecode.swift; path = Category_ViewController.swift; sourceTree = "<group>"; };
		52140BCC29ED2C2D00B6EFD3 /* YourList_ViewController.swift */ = {isa = PBXFileReference; lastKnownFileType = sourcecode.swift; path = YourList_ViewController.swift; sourceTree = "<group>"; };
		52140BCF29ED2C7500B6EFD3 /* Dashboard_ViewController.swift */ = {isa = PBXFileReference; lastKnownFileType = sourcecode.swift; path = Dashboard_ViewController.swift; sourceTree = "<group>"; };
		528D9A8729CAB9CC000B39C2 /* SaleBuy.app */ = {isa = PBXFileReference; explicitFileType = wrapper.application; includeInIndex = 0; path = SaleBuy.app; sourceTree = BUILT_PRODUCTS_DIR; };
		528D9A8A29CAB9CC000B39C2 /* AppDelegate.swift */ = {isa = PBXFileReference; lastKnownFileType = sourcecode.swift; path = AppDelegate.swift; sourceTree = "<group>"; };
		528D9A8C29CAB9CC000B39C2 /* SceneDelegate.swift */ = {isa = PBXFileReference; lastKnownFileType = sourcecode.swift; path = SceneDelegate.swift; sourceTree = "<group>"; };
		528D9A8E29CAB9CC000B39C2 /* ViewController.swift */ = {isa = PBXFileReference; lastKnownFileType = sourcecode.swift; path = ViewController.swift; sourceTree = "<group>"; };
		528D9A9129CAB9CC000B39C2 /* Base */ = {isa = PBXFileReference; lastKnownFileType = file.storyboard; name = Base; path = Base.lproj/Main.storyboard; sourceTree = "<group>"; };
		528D9A9329CAB9D0000B39C2 /* Assets.xcassets */ = {isa = PBXFileReference; lastKnownFileType = folder.assetcatalog; path = Assets.xcassets; sourceTree = "<group>"; };
		528D9A9629CAB9D0000B39C2 /* Base */ = {isa = PBXFileReference; lastKnownFileType = file.storyboard; name = Base; path = Base.lproj/LaunchScreen.storyboard; sourceTree = "<group>"; };
		528D9A9829CAB9D0000B39C2 /* Info.plist */ = {isa = PBXFileReference; lastKnownFileType = text.plist.xml; path = Info.plist; sourceTree = "<group>"; };
		528D9AA029CADDE9000B39C2 /* Register_ViewController.swift */ = {isa = PBXFileReference; lastKnownFileType = sourcecode.swift; path = Register_ViewController.swift; sourceTree = "<group>"; };
		52E8A82A29DFCA4200D8D8C6 /* Config.swift */ = {isa = PBXFileReference; lastKnownFileType = sourcecode.swift; path = Config.swift; sourceTree = "<group>"; };
/* End PBXFileReference section */

/* Begin PBXFrameworksBuildPhase section */
		528D9A8429CAB9CC000B39C2 /* Frameworks */ = {
			isa = PBXFrameworksBuildPhase;
			buildActionMask = 2147483647;
			files = (
			);
			runOnlyForDeploymentPostprocessing = 0;
		};
/* End PBXFrameworksBuildPhase section */

/* Begin PBXGroup section */
		52140BC529ED22F700B6EFD3 /* Welcome */ = {
			isa = PBXGroup;
			children = (
				52140BC629ED231E00B6EFD3 /* Welcome_ViewController.swift */,
			);
			path = Welcome;
			sourceTree = "<group>";
		};
		52140BC829ED2BB600B6EFD3 /* Category */ = {
			isa = PBXGroup;
			children = (
				52140BC929ED2BD200B6EFD3 /* Category_ViewController.swift */,
			);
			path = Category;
			sourceTree = "<group>";
		};
		52140BCB29ED2C0600B6EFD3 /* YourList */ = {
			isa = PBXGroup;
			children = (
				52140BCC29ED2C2D00B6EFD3 /* YourList_ViewController.swift */,
			);
			path = YourList;
			sourceTree = "<group>";
		};
		52140BCE29ED2C4300B6EFD3 /* Dashboard */ = {
			isa = PBXGroup;
			children = (
				52140BCF29ED2C7500B6EFD3 /* Dashboard_ViewController.swift */,
			);
			path = Dashboard;
			sourceTree = "<group>";
		};
		528D9A7E29CAB9CC000B39C2 = {
			isa = PBXGroup;
			children = (
				528D9A8929CAB9CC000B39C2 /* SaleBuy */,
				528D9A8829CAB9CC000B39C2 /* Products */,
			);
			sourceTree = "<group>";
		};
		528D9A8829CAB9CC000B39C2 /* Products */ = {
			isa = PBXGroup;
			children = (
				528D9A8729CAB9CC000B39C2 /* SaleBuy.app */,
			);
			name = Products;
			sourceTree = "<group>";
		};
		528D9A8929CAB9CC000B39C2 /* SaleBuy */ = {
			isa = PBXGroup;
			children = (
				528D9A9E29CABA08000B39C2 /* Screens */,
				528D9A8A29CAB9CC000B39C2 /* AppDelegate.swift */,
				528D9A8C29CAB9CC000B39C2 /* SceneDelegate.swift */,
				528D9A8E29CAB9CC000B39C2 /* ViewController.swift */,
				528D9A9029CAB9CC000B39C2 /* Main.storyboard */,
				528D9A9329CAB9D0000B39C2 /* Assets.xcassets */,
				528D9A9529CAB9D0000B39C2 /* LaunchScreen.storyboard */,
				528D9A9829CAB9D0000B39C2 /* Info.plist */,
				52E8A82A29DFCA4200D8D8C6 /* Config.swift */,
			);
			path = SaleBuy;
			sourceTree = "<group>";
		};
		528D9A9E29CABA08000B39C2 /* Screens */ = {
			isa = PBXGroup;
			children = (
				52140BCE29ED2C4300B6EFD3 /* Dashboard */,
				52140BCB29ED2C0600B6EFD3 /* YourList */,
				52140BC829ED2BB600B6EFD3 /* Category */,
				52140BC529ED22F700B6EFD3 /* Welcome */,
				528D9A9F29CADD89000B39C2 /* Register */,
			);
			path = Screens;
			sourceTree = "<group>";
		};
		528D9A9F29CADD89000B39C2 /* Register */ = {
			isa = PBXGroup;
			children = (
				528D9AA029CADDE9000B39C2 /* Register_ViewController.swift */,
			);
			path = Register;
			sourceTree = "<group>";
		};
/* End PBXGroup section */

/* Begin PBXNativeTarget section */
		528D9A8629CAB9CC000B39C2 /* SaleBuy */ = {
			isa = PBXNativeTarget;
			buildConfigurationList = 528D9A9B29CAB9D0000B39C2 /* Build configuration list for PBXNativeTarget "SaleBuy" */;
			buildPhases = (
				528D9A8329CAB9CC000B39C2 /* Sources */,
				528D9A8429CAB9CC000B39C2 /* Frameworks */,
				528D9A8529CAB9CC000B39C2 /* Resources */,
			);
			buildRules = (
			);
			dependencies = (
			);
			name = SaleBuy;
			productName = SaleBuy;
			productReference = 528D9A8729CAB9CC000B39C2 /* SaleBuy.app */;
			productType = "com.apple.product-type.application";
		};
/* End PBXNativeTarget section */

/* Begin PBXProject section */
		528D9A7F29CAB9CC000B39C2 /* Project object */ = {
			isa = PBXProject;
			attributes = {
				BuildIndependentTargetsInParallel = 1;
				LastSwiftUpdateCheck = 1410;
				LastUpgradeCheck = 1410;
				TargetAttributes = {
					528D9A8629CAB9CC000B39C2 = {
						CreatedOnToolsVersion = 14.1;
					};
				};
			};
			buildConfigurationList = 528D9A8229CAB9CC000B39C2 /* Build configuration list for PBXProject "SaleBuy" */;
			compatibilityVersion = "Xcode 14.0";
			developmentRegion = en;
			hasScannedForEncodings = 0;
			knownRegions = (
				en,
				Base,
			);
			mainGroup = 528D9A7E29CAB9CC000B39C2;
			productRefGroup = 528D9A8829CAB9CC000B39C2 /* Products */;
			projectDirPath = "";
			projectRoot = "";
			targets = (
				528D9A8629CAB9CC000B39C2 /* SaleBuy */,
			);
		};
/* End PBXProject section */

/* Begin PBXResourcesBuildPhase section */
		528D9A8529CAB9CC000B39C2 /* Resources */ = {
			isa = PBXResourcesBuildPhase;
			buildActionMask = 2147483647;
			files = (
				528D9A9729CAB9D0000B39C2 /* LaunchScreen.storyboard in Resources */,
				528D9A9429CAB9D0000B39C2 /* Assets.xcassets in Resources */,
				528D9A9229CAB9CC000B39C2 /* Main.storyboard in Resources */,
			);
			runOnlyForDeploymentPostprocessing = 0;
		};
/* End PBXResourcesBuildPhase section */

/* Begin PBXSourcesBuildPhase section */
		528D9A8329CAB9CC000B39C2 /* Sources */ = {
			isa = PBXSourcesBuildPhase;
			buildActionMask = 2147483647;
			files = (
				528D9A8F29CAB9CC000B39C2 /* ViewController.swift in Sources */,
				52140BCD29ED2C2D00B6EFD3 /* YourList_ViewController.swift in Sources */,
				528D9A8B29CAB9CC000B39C2 /* AppDelegate.swift in Sources */,
				52E8A82B29DFCA4200D8D8C6 /* Config.swift in Sources */,
				528D9A8D29CAB9CC000B39C2 /* SceneDelegate.swift in Sources */,
				528D9AA129CADDE9000B39C2 /* Register_ViewController.swift in Sources */,
				52140BC729ED231E00B6EFD3 /* Welcome_ViewController.swift in Sources */,
				52140BCA29ED2BD200B6EFD3 /* Category_ViewController.swift in Sources */,
				52140BD029ED2C7500B6EFD3 /* Dashboard_ViewController.swift in Sources */,
			);
			runOnlyForDeploymentPostprocessing = 0;
		};
/* End PBXSourcesBuildPhase section */

/* Begin PBXVariantGroup section */
		528D9A9029CAB9CC000B39C2 /* Main.storyboard */ = {
			isa = PBXVariantGroup;
			children = (
				528D9A9129CAB9CC000B39C2 /* Base */,
			);
			name = Main.storyboard;
			sourceTree = "<group>";
		};
		528D9A9529CAB9D0000B39C2 /* LaunchScreen.storyboard */ = {
			isa = PBXVariantGroup;
			children = (
				528D9A9629CAB9D0000B39C2 /* Base */,
			);
			name = LaunchScreen.storyboard;
			sourceTree = "<group>";
		};
/* End PBXVariantGroup section */

/* Begin XCBuildConfiguration section */
		528D9A9929CAB9D0000B39C2 /* Debug */ = {
			isa = XCBuildConfiguration;
			buildSettings = {
				ALWAYS_SEARCH_USER_PATHS = NO;
				CLANG_ANALYZER_NONNULL = YES;
				CLANG_ANALYZER_NUMBER_OBJECT_CONVERSION = YES_AGGRESSIVE;
				CLANG_CXX_LANGUAGE_STANDARD = "gnu++20";
				CLANG_ENABLE_MODULES = YES;
				CLANG_ENABLE_OBJC_ARC = YES;
				CLANG_ENABLE_OBJC_WEAK = YES;
				CLANG_WARN_BLOCK_CAPTURE_AUTORELEASING = YES;
				CLANG_WARN_BOOL_CONVERSION = YES;
				CLANG_WARN_COMMA = YES;
				CLANG_WARN_CONSTANT_CONVERSION = YES;
				CLANG_WARN_DEPRECATED_OBJC_IMPLEMENTATIONS = YES;
				CLANG_WARN_DIRECT_OBJC_ISA_USAGE = YES_ERROR;
				CLANG_WARN_DOCUMENTATION_COMMENTS = YES;
				CLANG_WARN_EMPTY_BODY = YES;
				CLANG_WARN_ENUM_CONVERSION = YES;
				CLANG_WARN_INFINITE_RECURSION = YES;
				CLANG_WARN_INT_CONVERSION = YES;
				CLANG_WARN_NON_LITERAL_NULL_CONVERSION = YES;
				CLANG_WARN_OBJC_IMPLICIT_RETAIN_SELF = YES;
				CLANG_WARN_OBJC_LITERAL_CONVERSION = YES;
				CLANG_WARN_OBJC_ROOT_CLASS = YES_ERROR;
				CLANG_WARN_QUOTED_INCLUDE_IN_FRAMEWORK_HEADER = YES;
				CLANG_WARN_RANGE_LOOP_ANALYSIS = YES;
				CLANG_WARN_STRICT_PROTOTYPES = YES;
				CLANG_WARN_SUSPICIOUS_MOVE = YES;
				CLANG_WARN_UNGUARDED_AVAILABILITY = YES_AGGRESSIVE;
				CLANG_WARN_UNREACHABLE_CODE = YES;
				CLANG_WARN__DUPLICATE_METHOD_MATCH = YES;
				COPY_PHASE_STRIP = NO;
				DEBUG_INFORMATION_FORMAT = dwarf;
				ENABLE_STRICT_OBJC_MSGSEND = YES;
				ENABLE_TESTABILITY = YES;
				GCC_C_LANGUAGE_STANDARD = gnu11;
				GCC_DYNAMIC_NO_PIC = NO;
				GCC_NO_COMMON_BLOCKS = YES;
				GCC_OPTIMIZATION_LEVEL = 0;
				GCC_PREPROCESSOR_DEFINITIONS = (
					"DEBUG=1",
					"$(inherited)",
				);
				GCC_WARN_64_TO_32_BIT_CONVERSION = YES;
				GCC_WARN_ABOUT_RETURN_TYPE = YES_ERROR;
				GCC_WARN_UNDECLARED_SELECTOR = YES;
				GCC_WARN_UNINITIALIZED_AUTOS = YES_AGGRESSIVE;
				GCC_WARN_UNUSED_FUNCTION = YES;
				GCC_WARN_UNUSED_VARIABLE = YES;
				IPHONEOS_DEPLOYMENT_TARGET = 16.1;
				MTL_ENABLE_DEBUG_INFO = INCLUDE_SOURCE;
				MTL_FAST_MATH = YES;
				ONLY_ACTIVE_ARCH = YES;
				SDKROOT = iphoneos;
				SWIFT_ACTIVE_COMPILATION_CONDITIONS = DEBUG;
				SWIFT_OPTIMIZATION_LEVEL = "-Onone";
			};
			name = Debug;
		};
		528D9A9A29CAB9D0000B39C2 /* Release */ = {
			isa = XCBuildConfiguration;
			buildSettings = {
				ALWAYS_SEARCH_USER_PATHS = NO;
				CLANG_ANALYZER_NONNULL = YES;
				CLANG_ANALYZER_NUMBER_OBJECT_CONVERSION = YES_AGGRESSIVE;
				CLANG_CXX_LANGUAGE_STANDARD = "gnu++20";
				CLANG_ENABLE_MODULES = YES;
				CLANG_ENABLE_OBJC_ARC = YES;
				CLANG_ENABLE_OBJC_WEAK = YES;
				CLANG_WARN_BLOCK_CAPTURE_AUTORELEASING = YES;
				CLANG_WARN_BOOL_CONVERSION = YES;
				CLANG_WARN_COMMA = YES;
				CLANG_WARN_CONSTANT_CONVERSION = YES;
				CLANG_WARN_DEPRECATED_OBJC_IMPLEMENTATIONS = YES;
				CLANG_WARN_DIRECT_OBJC_ISA_USAGE = YES_ERROR;
				CLANG_WARN_DOCUMENTATION_COMMENTS = YES;
				CLANG_WARN_EMPTY_BODY = YES;
				CLANG_WARN_ENUM_CONVERSION = YES;
				CLANG_WARN_INFINITE_RECURSION = YES;
				CLANG_WARN_INT_CONVERSION = YES;
				CLANG_WARN_NON_LITERAL_NULL_CONVERSION = YES;
				CLANG_WARN_OBJC_IMPLICIT_RETAIN_SELF = YES;
				CLANG_WARN_OBJC_LITERAL_CONVERSION = YES;
				CLANG_WARN_OBJC_ROOT_CLASS = YES_ERROR;
				CLANG_WARN_QUOTED_INCLUDE_IN_FRAMEWORK_HEADER = YES;
				CLANG_WARN_RANGE_LOOP_ANALYSIS = YES;
				CLANG_WARN_STRICT_PROTOTYPES = YES;
				CLANG_WARN_SUSPICIOUS_MOVE = YES;
				CLANG_WARN_UNGUARDED_AVAILABILITY = YES_AGGRESSIVE;
				CLANG_WARN_UNREACHABLE_CODE = YES;
				CLANG_WARN__DUPLICATE_METHOD_MATCH = YES;
				COPY_PHASE_STRIP = NO;
				DEBUG_INFORMATION_FORMAT = "dwarf-with-dsym";
				ENABLE_NS_ASSERTIONS = NO;
				ENABLE_STRICT_OBJC_MSGSEND = YES;
				GCC_C_LANGUAGE_STANDARD = gnu11;
				GCC_NO_COMMON_BLOCKS = YES;
				GCC_WARN_64_TO_32_BIT_CONVERSION = YES;
				GCC_WARN_ABOUT_RETURN_TYPE = YES_ERROR;
				GCC_WARN_UNDECLARED_SELECTOR = YES;
				GCC_WARN_UNINITIALIZED_AUTOS = YES_AGGRESSIVE;
				GCC_WARN_UNUSED_FUNCTION = YES;
				GCC_WARN_UNUSED_VARIABLE = YES;
				IPHONEOS_DEPLOYMENT_TARGET = 16.1;
				MTL_ENABLE_DEBUG_INFO = NO;
				MTL_FAST_MATH = YES;
				SDKROOT = iphoneos;
				SWIFT_COMPILATION_MODE = wholemodule;
				SWIFT_OPTIMIZATION_LEVEL = "-O";
				VALIDATE_PRODUCT = YES;
			};
			name = Release;
		};
		528D9A9C29CAB9D0000B39C2 /* Debug */ = {
			isa = XCBuildConfiguration;
			buildSettings = {
				ASSETCATALOG_COMPILER_APPICON_NAME = AppIcon;
				ASSETCATALOG_COMPILER_GLOBAL_ACCENT_COLOR_NAME = AccentColor;
				CODE_SIGN_STYLE = Automatic;
				CURRENT_PROJECT_VERSION = 1;
				DEVELOPMENT_TEAM = 88232G6LQ9;
				GENERATE_INFOPLIST_FILE = YES;
				INFOPLIST_FILE = SaleBuy/Info.plist;
				INFOPLIST_KEY_UIApplicationSupportsIndirectInputEvents = YES;
				INFOPLIST_KEY_UILaunchStoryboardName = LaunchScreen;
				INFOPLIST_KEY_UIMainStoryboardFile = Main;
				INFOPLIST_KEY_UISupportedInterfaceOrientations_iPad = "UIInterfaceOrientationPortrait UIInterfaceOrientationPortraitUpsideDown UIInterfaceOrientationLandscapeLeft UIInterfaceOrientationLandscapeRight";
				INFOPLIST_KEY_UISupportedInterfaceOrientations_iPhone = "UIInterfaceOrientationPortrait UIInterfaceOrientationLandscapeLeft UIInterfaceOrientationLandscapeRight";
				LD_RUNPATH_SEARCH_PATHS = (
					"$(inherited)",
					"@executable_path/Frameworks",
				);
				MARKETING_VERSION = 1.0;
				PRODUCT_BUNDLE_IDENTIFIER = project01.TungDinh.SaleBuy;
				PRODUCT_NAME = "$(TARGET_NAME)";
				SWIFT_EMIT_LOC_STRINGS = YES;
				SWIFT_VERSION = 5.0;
				TARGETED_DEVICE_FAMILY = "1,2";
			};
			name = Debug;
		};
		528D9A9D29CAB9D0000B39C2 /* Release */ = {
			isa = XCBuildConfiguration;
			buildSettings = {
				ASSETCATALOG_COMPILER_APPICON_NAME = AppIcon;
				ASSETCATALOG_COMPILER_GLOBAL_ACCENT_COLOR_NAME = AccentColor;
				CODE_SIGN_STYLE = Automatic;
				CURRENT_PROJECT_VERSION = 1;
				DEVELOPMENT_TEAM = 88232G6LQ9;
				GENERATE_INFOPLIST_FILE = YES;
				INFOPLIST_FILE = SaleBuy/Info.plist;
				INFOPLIST_KEY_UIApplicationSupportsIndirectInputEvents = YES;
				INFOPLIST_KEY_UILaunchStoryboardName = LaunchScreen;
				INFOPLIST_KEY_UIMainStoryboardFile = Main;
				INFOPLIST_KEY_UISupportedInterfaceOrientations_iPad = "UIInterfaceOrientationPortrait UIInterfaceOrientationPortraitUpsideDown UIInterfaceOrientationLandscapeLeft UIInterfaceOrientationLandscapeRight";
				INFOPLIST_KEY_UISupportedInterfaceOrientations_iPhone = "UIInterfaceOrientationPortrait UIInterfaceOrientationLandscapeLeft UIInterfaceOrientationLandscapeRight";
				LD_RUNPATH_SEARCH_PATHS = (
					"$(inherited)",
					"@executable_path/Frameworks",
				);
				MARKETING_VERSION = 1.0;
				PRODUCT_BUNDLE_IDENTIFIER = project01.TungDinh.SaleBuy;
				PRODUCT_NAME = "$(TARGET_NAME)";
				SWIFT_EMIT_LOC_STRINGS = YES;
				SWIFT_VERSION = 5.0;
				TARGETED_DEVICE_FAMILY = "1,2";
			};
			name = Release;
		};
/* End XCBuildConfiguration section */

/* Begin XCConfigurationList section */
		528D9A8229CAB9CC000B39C2 /* Build configuration list for PBXProject "SaleBuy" */ = {
			isa = XCConfigurationList;
			buildConfigurations = (
				528D9A9929CAB9D0000B39C2 /* Debug */,
				528D9A9A29CAB9D0000B39C2 /* Release */,
			);
			defaultConfigurationIsVisible = 0;
			defaultConfigurationName = Release;
		};
		528D9A9B29CAB9D0000B39C2 /* Build configuration list for PBXNativeTarget "SaleBuy" */ = {
			isa = XCConfigurationList;
			buildConfigurations = (
				528D9A9C29CAB9D0000B39C2 /* Debug */,
				528D9A9D29CAB9D0000B39C2 /* Release */,
			);
			defaultConfigurationIsVisible = 0;
			defaultConfigurationName = Release;
		};
/* End XCConfigurationList section */
	};
	rootObject = 528D9A7F29CAB9CC000B39C2 /* Project object */;
}
